
Microsoft Visual Studio Solution File, Format Version 12.00
# Visual Studio Version 17
VisualStudioVersion = 17.6.33513.286
MinimumVisualStudioVersion = 10.0.40219.1
Project("{8BC9CEB8-8B4A-11D0-8D11-00A0C91BC942}") = "Domain", "Domain\Domain.vcxproj", "{73C22434-0261-4229-8081-1B070803AE72}"
EndProject
Project("{8BC9CEB8-8B4A-11D0-8D11-00A0C91BC942}") = "Application", "Application\Application.vcxproj", "{4E6E3F97-3794-4A25-A002-2A3A5A58794B}"
EndProject
Project("{8BC9CEB8-8B4A-11D0-8D11-00A0C91BC942}") = "ImGUI", "ImGUI\ImGUI.vcxproj", "{189C4C4F-0346-4C49-B023-3B6BC04F6EEF}"
EndProject
Project("{8BC9CEB8-8B4A-11D0-8D11-00A0C91BC942}") = "ExternalServices", "ExternalServices\ExternalServices.vcxproj", "{753FDE61-C6F1-4274-A05E-6534D363F569}"
EndProject
Project("{8BC9CEB8-8B4A-11D0-8D11-00A0C91BC942}") = "Shared", "Shared\Shared.vcxproj", "{5784969B-BFB2-4A52-AE5A-007445BEFDD5}"
EndProject
Project("{8BC9CEB8-8B4A-11D0-8D11-00A0C91BC942}") = "Client", "Client\Client.vcxproj", "{5340CC3A-00A5-4659-BD16-639701437989}"
EndProject
Global
	GlobalSection(SolutionConfigurationPlatforms) = preSolution
		Debug|x64 = Debug|x64
		Debug|x86 = Debug|x86
		Release|x64 = Release|x64
		Release|x86 = Release|x86
	EndGlobalSection
	GlobalSection(ProjectConfigurationPlatforms) = postSolution
		{73C22434-0261-4229-8081-1B070803AE72}.Debug|x64.ActiveCfg = Debug|x64
		{73C22434-0261-4229-8081-1B070803AE72}.Debug|x64.Build.0 = Debug|x64
		{73C22434-0261-4229-8081-1B070803AE72}.Debug|x86.ActiveCfg = Debug|Win32
		{73C22434-0261-4229-8081-1B070803AE72}.Debug|x86.Build.0 = Debug|Win32
		{73C22434-0261-4229-8081-1B070803AE72}.Release|x64.ActiveCfg = Release|x64
		{73C22434-0261-4229-8081-1B070803AE72}.Release|x64.Build.0 = Release|x64
		{73C22434-0261-4229-8081-1B070803AE72}.Release|x86.ActiveCfg = Release|Win32
		{73C22434-0261-4229-8081-1B070803AE72}.Release|x86.Build.0 = Release|Win32
		{4E6E3F97-3794-4A25-A002-2A3A5A58794B}.Debug|x64.ActiveCfg = Debug|x64
		{4E6E3F97-3794-4A25-A002-2A3A5A58794B}.Debug|x64.Build.0 = Debug|x64
		{4E6E3F97-3794-4A25-A002-2A3A5A58794B}.Debug|x86.ActiveCfg = Debug|Win32
		{4E6E3F97-3794-4A25-A002-2A3A5A58794B}.Debug|x86.Build.0 = Debug|Win32
		{4E6E3F97-3794-4A25-A002-2A3A5A58794B}.Release|x64.ActiveCfg = Release|x64
		{4E6E3F97-3794-4A25-A002-2A3A5A58794B}.Release|x64.Build.0 = Release|x64
		{4E6E3F97-3794-4A25-A002-2A3A5A58794B}.Release|x86.ActiveCfg = Release|Win32
		{4E6E3F97-3794-4A25-A002-2A3A5A58794B}.Release|x86.Build.0 = Release|Win32
		{189C4C4F-0346-4C49-B023-3B6BC04F6EEF}.Debug|x64.ActiveCfg = Debug|x64
		{189C4C4F-0346-4C49-B023-3B6BC04F6EEF}.Debug|x64.Build.0 = Debug|x64
		{189C4C4F-0346-4C49-B023-3B6BC04F6EEF}.Debug|x86.ActiveCfg = Debug|Win32
		{189C4C4F-0346-4C49-B023-3B6BC04F6EEF}.Debug|x86.Build.0 = Debug|Win32
		{189C4C4F-0346-4C49-B023-3B6BC04F6EEF}.Release|x64.ActiveCfg = Release|x64
		{189C4C4F-0346-4C49-B023-3B6BC04F6EEF}.Release|x64.Build.0 = Release|x64
		{189C4C4F-0346-4C49-B023-3B6BC04F6EEF}.Release|x86.ActiveCfg = Release|Win32
		{189C4C4F-0346-4C49-B023-3B6BC04F6EEF}.Release|x86.Build.0 = Release|Win32
		{753FDE61-C6F1-4274-A05E-6534D363F569}.Debug|x64.ActiveCfg = Debug|x64
		{753FDE61-C6F1-4274-A05E-6534D363F569}.Debug|x64.Build.0 = Debug|x64
		{753FDE61-C6F1-4274-A05E-6534D363F569}.Debug|x86.ActiveCfg = Debug|Win32
		{753FDE61-C6F1-4274-A05E-6534D363F569}.Debug|x86.Build.0 = Debug|Win32
		{753FDE61-C6F1-4274-A05E-6534D363F569}.Release|x64.ActiveCfg = Release|x64
		{753FDE61-C6F1-4274-A05E-6534D363F569}.Release|x64.Build.0 = Release|x64
		{753FDE61-C6F1-4274-A05E-6534D363F569}.Release|x86.ActiveCfg = Release|Win32
		{753FDE61-C6F1-4274-A05E-6534D363F569}.Release|x86.Build.0 = Release|Win32
		{5784969B-BFB2-4A52-AE5A-007445BEFDD5}.Debug|x64.ActiveCfg = Debug|x64
		{5784969B-BFB2-4A52-AE5A-007445BEFDD5}.Debug|x64.Build.0 = Debug|x64
		{5784969B-BFB2-4A52-AE5A-007445BEFDD5}.Debug|x86.ActiveCfg = Debug|Win32
		{5784969B-BFB2-4A52-AE5A-007445BEFDD5}.Debug|x86.Build.0 = Debug|Win32
		{5784969B-BFB2-4A52-AE5A-007445BEFDD5}.Release|x64.ActiveCfg = Release|x64
		{5784969B-BFB2-4A52-AE5A-007445BEFDD5}.Release|x64.Build.0 = Release|x64
		{5784969B-BFB2-4A52-AE5A-007445BEFDD5}.Release|x86.ActiveCfg = Release|Win32
		{5784969B-BFB2-4A52-AE5A-007445BEFDD5}.Release|x86.Build.0 = Release|Win32
		{5340CC3A-00A5-4659-BD16-639701437989}.Debug|x64.ActiveCfg = Debug|x64
		{5340CC3A-00A5-4659-BD16-639701437989}.Debug|x64.Build.0 = Debug|x64
		{5340CC3A-00A5-4659-BD16-639701437989}.Debug|x86.ActiveCfg = Debug|Win32
		{5340CC3A-00A5-4659-BD16-639701437989}.Debug|x86.Build.0 = Debug|Win32
		{5340CC3A-00A5-4659-BD16-639701437989}.Release|x64.ActiveCfg = Release|x64
		{5340CC3A-00A5-4659-BD16-639701437989}.Release|x64.Build.0 = Release|x64
		{5340CC3A-00A5-4659-BD16-639701437989}.Release|x86.ActiveCfg = Release|Win32
		{5340CC3A-00A5-4659-BD16-639701437989}.Release|x86.Build.0 = Release|Win32
	EndGlobalSection
	GlobalSection(SolutionProperties) = preSolution
		HideSolutionNode = FALSE
	EndGlobalSection
	GlobalSection(ExtensibilityGlobals) = postSolution
		SolutionGuid = {E18EDBBA-77D2-4591-A719-C97E59BF8A51}
	EndGlobalSection
EndGlobal
